
Microsoft Visual Studio Solution File, Format Version 12.00
# Visual Studio Version 16
VisualStudioVersion = 16.0.31613.86
MinimumVisualStudioVersion = 10.0.40219.1
Project("{FAE04EC0-301F-11D3-BF4B-00C04F79EFBC}") = "DataAccess", "DataAccess\DataAccess.csproj", "{1C978EA0-9867-4F24-89CB-A6EDB2BB8A04}"
EndProject
Project("{FAE04EC0-301F-11D3-BF4B-00C04F79EFBC}") = "Business", "Business\Business.csproj", "{98CEA71D-414F-4583-8EF1-99FB011151BB}"
EndProject
Project("{FAE04EC0-301F-11D3-BF4B-00C04F79EFBC}") = "Entities", "Entities\Entities.csproj", "{7D592DC9-EB13-4802-9E10-CF3DA0F3CE4A}"
EndProject
Project("{9A19103F-16F7-4668-BE54-9A1E7A4F7556}") = "BaseProject", "BaseProject\BaseProject.csproj", "{4BEE441A-6444-4289-9F56-2AF3A3A004D1}"
EndProject
Project("{9A19103F-16F7-4668-BE54-9A1E7A4F7556}") = "NetCoreApiWithAngular", "NetCoreApiWithAngulr\NetCoreApiWithAngular.csproj", "{264BDADC-F395-4CC0-B34E-2247FF9F6C03}"
EndProject
Global
	GlobalSection(SolutionConfigurationPlatforms) = preSolution
		Debug|Any CPU = Debug|Any CPU
		Release|Any CPU = Release|Any CPU
	EndGlobalSection
	GlobalSection(ProjectConfigurationPlatforms) = postSolution
		{1C978EA0-9867-4F24-89CB-A6EDB2BB8A04}.Debug|Any CPU.ActiveCfg = Debug|Any CPU
		{1C978EA0-9867-4F24-89CB-A6EDB2BB8A04}.Debug|Any CPU.Build.0 = Debug|Any CPU
		{1C978EA0-9867-4F24-89CB-A6EDB2BB8A04}.Release|Any CPU.ActiveCfg = Release|Any CPU
		{1C978EA0-9867-4F24-89CB-A6EDB2BB8A04}.Release|Any CPU.Build.0 = Release|Any CPU
		{98CEA71D-414F-4583-8EF1-99FB011151BB}.Debug|Any CPU.ActiveCfg = Debug|Any CPU
		{98CEA71D-414F-4583-8EF1-99FB011151BB}.Debug|Any CPU.Build.0 = Debug|Any CPU
		{98CEA71D-414F-4583-8EF1-99FB011151BB}.Release|Any CPU.ActiveCfg = Release|Any CPU
		{98CEA71D-414F-4583-8EF1-99FB011151BB}.Release|Any CPU.Build.0 = Release|Any CPU
		{7D592DC9-EB13-4802-9E10-CF3DA0F3CE4A}.Debug|Any CPU.ActiveCfg = Debug|Any CPU
		{7D592DC9-EB13-4802-9E10-CF3DA0F3CE4A}.Debug|Any CPU.Build.0 = Debug|Any CPU
		{7D592DC9-EB13-4802-9E10-CF3DA0F3CE4A}.Release|Any CPU.ActiveCfg = Release|Any CPU
		{7D592DC9-EB13-4802-9E10-CF3DA0F3CE4A}.Release|Any CPU.Build.0 = Release|Any CPU
		{4BEE441A-6444-4289-9F56-2AF3A3A004D1}.Debug|Any CPU.ActiveCfg = Debug|Any CPU
		{4BEE441A-6444-4289-9F56-2AF3A3A004D1}.Debug|Any CPU.Build.0 = Debug|Any CPU
		{4BEE441A-6444-4289-9F56-2AF3A3A004D1}.Release|Any CPU.ActiveCfg = Release|Any CPU
		{4BEE441A-6444-4289-9F56-2AF3A3A004D1}.Release|Any CPU.Build.0 = Release|Any CPU
		{264BDADC-F395-4CC0-B34E-2247FF9F6C03}.Debug|Any CPU.ActiveCfg = Debug|Any CPU
		{264BDADC-F395-4CC0-B34E-2247FF9F6C03}.Debug|Any CPU.Build.0 = Debug|Any CPU
		{264BDADC-F395-4CC0-B34E-2247FF9F6C03}.Release|Any CPU.ActiveCfg = Release|Any CPU
		{264BDADC-F395-4CC0-B34E-2247FF9F6C03}.Release|Any CPU.Build.0 = Release|Any CPU
	EndGlobalSection
	GlobalSection(SolutionProperties) = preSolution
		HideSolutionNode = FALSE
	EndGlobalSection
	GlobalSection(ExtensibilityGlobals) = postSolution
		SolutionGuid = {641CD72B-3B89-4016-A629-6C1654172F16}
	EndGlobalSection
EndGlobal
